
Microsoft Visual Studio Solution File, Format Version 12.00
# Visual Studio Version 17
VisualStudioVersion = 17.0.31903.59
MinimumVisualStudioVersion = 10.0.40219.1
Project("{9A19103F-16F7-4668-BE54-9A1E7A4F7556}") = "API", "API\API.csproj", "{46E03143-3DFC-4759-B20F-E27F3CA5BE8B}"
EndProject
Project("{9A19103F-16F7-4668-BE54-9A1E7A4F7556}") = "Library.Tests", "Library.Tests\Library.Tests.csproj", "{243E75FE-2CC8-4624-8904-E3A58AA2A7E5}"
EndProject
Global
	GlobalSection(SolutionConfigurationPlatforms) = preSolution
		Debug|Any CPU = Debug|Any CPU
		Release|Any CPU = Release|Any CPU
	EndGlobalSection
	GlobalSection(ProjectConfigurationPlatforms) = postSolution
		{46E03143-3DFC-4759-B20F-E27F3CA5BE8B}.Debug|Any CPU.ActiveCfg = Debug|Any CPU
		{46E03143-3DFC-4759-B20F-E27F3CA5BE8B}.Debug|Any CPU.Build.0 = Debug|Any CPU
		{46E03143-3DFC-4759-B20F-E27F3CA5BE8B}.Release|Any CPU.ActiveCfg = Release|Any CPU
		{46E03143-3DFC-4759-B20F-E27F3CA5BE8B}.Release|Any CPU.Build.0 = Release|Any CPU
		{243E75FE-2CC8-4624-8904-E3A58AA2A7E5}.Debug|Any CPU.ActiveCfg = Debug|Any CPU
		{243E75FE-2CC8-4624-8904-E3A58AA2A7E5}.Debug|Any CPU.Build.0 = Debug|Any CPU
		{243E75FE-2CC8-4624-8904-E3A58AA2A7E5}.Release|Any CPU.ActiveCfg = Release|Any CPU
		{243E75FE-2CC8-4624-8904-E3A58AA2A7E5}.Release|Any CPU.Build.0 = Release|Any CPU
	EndGlobalSection
	GlobalSection(SolutionProperties) = preSolution
		HideSolutionNode = FALSE
	EndGlobalSection
EndGlobal
